
Microsoft Visual Studio Solution File, Format Version 12.00
# Visual Studio Version 16
VisualStudioVersion = 16.0.30907.101
MinimumVisualStudioVersion = 10.0.40219.1
Project("{FAE04EC0-301F-11D3-BF4B-00C04F79EFBC}") = "PrideWeddingPlanners", "PrideWeddingPlanners.csproj", "{85879CD9-54A5-452E-B4F5-F5FFAED0E818}"
EndProject
Global
	GlobalSection(SolutionConfigurationPlatforms) = preSolution
		Debug|Any CPU = Debug|Any CPU
		Release|Any CPU = Release|Any CPU
	EndGlobalSection
	GlobalSection(ProjectConfigurationPlatforms) = postSolution
		{85879CD9-54A5-452E-B4F5-F5FFAED0E818}.Debug|Any CPU.ActiveCfg = Debug|Any CPU
		{85879CD9-54A5-452E-B4F5-F5FFAED0E818}.Debug|Any CPU.Build.0 = Debug|Any CPU
		{85879CD9-54A5-452E-B4F5-F5FFAED0E818}.Release|Any CPU.ActiveCfg = Release|Any CPU
		{85879CD9-54A5-452E-B4F5-F5FFAED0E818}.Release|Any CPU.Build.0 = Release|Any CPU
	EndGlobalSection
	GlobalSection(SolutionProperties) = preSolution
		HideSolutionNode = FALSE
	EndGlobalSection
	GlobalSection(ExtensibilityGlobals) = postSolution
		SolutionGuid = {A2B973F3-AB21-4ABB-8170-892540200599}
	EndGlobalSection
EndGlobal
